
Microsoft Visual Studio Solution File, Format Version 12.00
# Visual Studio Version 16
VisualStudioVersion = 16.0.32929.386
MinimumVisualStudioVersion = 10.0.40219.1
Project("{8BC9CEB8-8B4A-11D0-8D11-00A0C91BC942}") = "Tyuiu.NosovaVD.Sprint0", "Tyuiu.NosovaVD.Sprint0.vcxproj", "{D0FBFC22-8BF7-4564-B63C-144DD66FDCD7}"
EndProject
Project("{2150E333-8FDC-42A3-9474-1A3956D46DE8}") = "Task0", "Task0", "{A717BFCF-4D07-4759-9B87-77941BCB23CB}"
EndProject
Project("{8BC9CEB8-8B4A-11D0-8D11-00A0C91BC942}") = "Tyuiu.NosovaVD.Sprint0.Task0.V0", "Tyuiu.NosovaVD.Sprint0.Task0.V0\Tyuiu.NosovaVD.Sprint0.Task0.V0.vcxproj", "{6DC93275-070F-4E1B-9FFF-9D28F5A8198B}"
EndProject
Project("{2150E333-8FDC-42A3-9474-1A3956D46DE8}") = "Task1", "Task1", "{0B591611-1CB5-42BB-9F43-496E1C459963}"
EndProject
Project("{8BC9CEB8-8B4A-11D0-8D11-00A0C91BC942}") = "Tyuiu.NosovaVD.Sprint0.Task1.V0", "Tyuiu.NosovaVD.Sprint0.Task1.V0\Tyuiu.NosovaVD.Sprint0.Task1.V0.vcxproj", "{61EAD043-AFFC-47A4-B788-B7597605175A}"
EndProject
Project("{2150E333-8FDC-42A3-9474-1A3956D46DE8}") = "Task2", "Task2", "{4FCE0247-3DA8-4D6D-A9CF-CBB42A3ABDEC}"
EndProject
Project("{8BC9CEB8-8B4A-11D0-8D11-00A0C91BC942}") = "Tyuiu.NosovaVD.Sprint0.Task2.V0", "Tyuiu.NosovaVD.Sprint0.Task2.V0\Tyuiu.NosovaVD.Sprint0.Task2.V0.vcxproj", "{8476A403-322D-438B-88E7-8EF88E93B36B}"
EndProject
Project("{8BC9CEB8-8B4A-11D0-8D11-00A0C91BC942}") = "Tyuiu.NosovaVD.Sprint0.Task2.V0.Lib", "Tyuiu.NosovaVD.Sprint0.Task2.V0.Lib\Tyuiu.NosovaVD.Sprint0.Task2.V0.Lib.vcxproj", "{2328800E-0F52-47CD-869F-35CA7C342FC6}"
EndProject
Project("{8BC9CEB8-8B4A-11D0-8D11-00A0C91BC942}") = "Tyuiu.NosovaVD.Sprint0.Task2.V0.Test", "Tyuiu.NosovaVD.Sprint0.Task2.V0.Test\Tyuiu.NosovaVD.Sprint0.Task2.V0.Test.vcxproj", "{F49BE019-DD57-471F-BD34-F17A4A5FBD63}"
EndProject
Project("{2150E333-8FDC-42A3-9474-1A3956D46DE8}") = "Task3", "Task3", "{87C68810-A859-4780-AF39-2EC838244D45}"
EndProject
Project("{8BC9CEB8-8B4A-11D0-8D11-00A0C91BC942}") = "Tyuiu.NosovaVD.Sprint0.Task3.V0", "Tyuiu.NosovaVD.Sprint0.Task3.V0\Tyuiu.NosovaVD.Sprint0.Task3.V0.vcxproj", "{F7B28E87-2E02-492B-B9E2-12FFE903D27B}"
EndProject
Project("{8BC9CEB8-8B4A-11D0-8D11-00A0C91BC942}") = "Tyuiu.NosovaVD.Sprint0.Task3.V0.Lib", "Tyuiu.NosovaVD.Sprint0.Task3.V0.Lib\Tyuiu.NosovaVD.Sprint0.Task3.V0.Lib.vcxproj", "{4C60D9B0-DE52-45C2-B3DE-066B46FC5037}"
EndProject
Project("{8BC9CEB8-8B4A-11D0-8D11-00A0C91BC942}") = "Tyuiu.NosovaVD.Sprint0.Task3.V0.Test", "Tyuiu.NosovaVD.Sprint0.Task3.V0.Test\Tyuiu.NosovaVD.Sprint0.Task3.V0.Test.vcxproj", "{7A967639-0FA6-446E-93BB-69DDFC87A253}"
EndProject
Project("{2150E333-8FDC-42A3-9474-1A3956D46DE8}") = "Task4", "Task4", "{331B58CB-ACE7-44DB-A757-DC4C67F1CF4E}"
EndProject
Project("{8BC9CEB8-8B4A-11D0-8D11-00A0C91BC942}") = "Tyuiu.NosovaVD.Sprint0.Task4.V4", "Tyuiu.NosovaVD.Sprint0.Task4.V4\Tyuiu.NosovaVD.Sprint0.Task4.V4.vcxproj", "{F84836AD-CE05-41BB-89BB-541FD53D2E91}"
EndProject
Project("{8BC9CEB8-8B4A-11D0-8D11-00A0C91BC942}") = "Tyuiu.NosovaVD.Sprint0.Task4.V4.Lib", "Tyuiu.NosovaVD.Sprint0.Task4.V4.Lib\Tyuiu.NosovaVD.Sprint0.Task4.V4.Lib.vcxproj", "{5CED476B-D207-4D6D-AB65-7F198351A07E}"
EndProject
Project("{8BC9CEB8-8B4A-11D0-8D11-00A0C91BC942}") = "Tyuiu.NosovaVD.Sprint0.Task4.V4.Test", "Tyuiu.NosovaVD.Sprint0.Task4.V4.Test\Tyuiu.NosovaVD.Sprint0.Task4.V4.Test.vcxproj", "{A3DD95CA-6908-4AAC-BD1A-E1DB17933FF4}"
EndProject
Project("{2150E333-8FDC-42A3-9474-1A3956D46DE8}") = "Task5", "Task5", "{56762241-3F4A-4081-86D9-375CEC64E0DA}"
EndProject
Project("{8BC9CEB8-8B4A-11D0-8D11-00A0C91BC942}") = "Tyuiu.NosovaVD.Sprint0.Task5.V4", "Tyuiu.NosovaVD.Sprint0.Task5.V4\Tyuiu.NosovaVD.Sprint0.Task5.V4.vcxproj", "{F2681369-3CAE-4960-9F04-AE2CFA67B534}"
EndProject
Project("{8BC9CEB8-8B4A-11D0-8D11-00A0C91BC942}") = "Tyuiu.NosovaVD.Sprint0.Task5.V4.Lib", "Tyuiu.NosovaVD.Sprint0.Task5.V4.Lib\Tyuiu.NosovaVD.Sprint0.Task5.V4.Lib.vcxproj", "{FE6415D9-12EA-4DFB-AB95-A8EDC0386ABF}"
EndProject
Project("{8BC9CEB8-8B4A-11D0-8D11-00A0C91BC942}") = "Tyuiu.NosovaVD.Sprint0.Task5.V4.Test", "Tyuiu.NosovaVD.Sprint0.Task5.V4.Test\Tyuiu.NosovaVD.Sprint0.Task5.V4.Test.vcxproj", "{C911BE14-349A-4E53-A04D-62A5D9B33058}"
EndProject
Global
	GlobalSection(SolutionConfigurationPlatforms) = preSolution
		Debug|x64 = Debug|x64
		Debug|x86 = Debug|x86
		Release|x64 = Release|x64
		Release|x86 = Release|x86
	EndGlobalSection
	GlobalSection(ProjectConfigurationPlatforms) = postSolution
		{D0FBFC22-8BF7-4564-B63C-144DD66FDCD7}.Debug|x64.ActiveCfg = Debug|x64
		{D0FBFC22-8BF7-4564-B63C-144DD66FDCD7}.Debug|x64.Build.0 = Debug|x64
		{D0FBFC22-8BF7-4564-B63C-144DD66FDCD7}.Debug|x86.ActiveCfg = Debug|Win32
		{D0FBFC22-8BF7-4564-B63C-144DD66FDCD7}.Debug|x86.Build.0 = Debug|Win32
		{D0FBFC22-8BF7-4564-B63C-144DD66FDCD7}.Release|x64.ActiveCfg = Release|x64
		{D0FBFC22-8BF7-4564-B63C-144DD66FDCD7}.Release|x64.Build.0 = Release|x64
		{D0FBFC22-8BF7-4564-B63C-144DD66FDCD7}.Release|x86.ActiveCfg = Release|Win32
		{D0FBFC22-8BF7-4564-B63C-144DD66FDCD7}.Release|x86.Build.0 = Release|Win32
		{6DC93275-070F-4E1B-9FFF-9D28F5A8198B}.Debug|x64.ActiveCfg = Debug|x64
		{6DC93275-070F-4E1B-9FFF-9D28F5A8198B}.Debug|x64.Build.0 = Debug|x64
		{6DC93275-070F-4E1B-9FFF-9D28F5A8198B}.Debug|x86.ActiveCfg = Debug|Win32
		{6DC93275-070F-4E1B-9FFF-9D28F5A8198B}.Debug|x86.Build.0 = Debug|Win32
		{6DC93275-070F-4E1B-9FFF-9D28F5A8198B}.Release|x64.ActiveCfg = Release|x64
		{6DC93275-070F-4E1B-9FFF-9D28F5A8198B}.Release|x64.Build.0 = Release|x64
		{6DC93275-070F-4E1B-9FFF-9D28F5A8198B}.Release|x86.ActiveCfg = Release|Win32
		{6DC93275-070F-4E1B-9FFF-9D28F5A8198B}.Release|x86.Build.0 = Release|Win32
		{61EAD043-AFFC-47A4-B788-B7597605175A}.Debug|x64.ActiveCfg = Debug|x64
		{61EAD043-AFFC-47A4-B788-B7597605175A}.Debug|x64.Build.0 = Debug|x64
		{61EAD043-AFFC-47A4-B788-B7597605175A}.Debug|x86.ActiveCfg = Debug|Win32
		{61EAD043-AFFC-47A4-B788-B7597605175A}.Debug|x86.Build.0 = Debug|Win32
		{61EAD043-AFFC-47A4-B788-B7597605175A}.Release|x64.ActiveCfg = Release|x64
		{61EAD043-AFFC-47A4-B788-B7597605175A}.Release|x64.Build.0 = Release|x64
		{61EAD043-AFFC-47A4-B788-B7597605175A}.Release|x86.ActiveCfg = Release|Win32
		{61EAD043-AFFC-47A4-B788-B7597605175A}.Release|x86.Build.0 = Release|Win32
		{8476A403-322D-438B-88E7-8EF88E93B36B}.Debug|x64.ActiveCfg = Debug|x64
		{8476A403-322D-438B-88E7-8EF88E93B36B}.Debug|x64.Build.0 = Debug|x64
		{8476A403-322D-438B-88E7-8EF88E93B36B}.Debug|x86.ActiveCfg = Debug|Win32
		{8476A403-322D-438B-88E7-8EF88E93B36B}.Debug|x86.Build.0 = Debug|Win32
		{8476A403-322D-438B-88E7-8EF88E93B36B}.Release|x64.ActiveCfg = Release|x64
		{8476A403-322D-438B-88E7-8EF88E93B36B}.Release|x64.Build.0 = Release|x64
		{8476A403-322D-438B-88E7-8EF88E93B36B}.Release|x86.ActiveCfg = Release|Win32
		{8476A403-322D-438B-88E7-8EF88E93B36B}.Release|x86.Build.0 = Release|Win32
		{2328800E-0F52-47CD-869F-35CA7C342FC6}.Debug|x64.ActiveCfg = Debug|x64
		{2328800E-0F52-47CD-869F-35CA7C342FC6}.Debug|x64.Build.0 = Debug|x64
		{2328800E-0F52-47CD-869F-35CA7C342FC6}.Debug|x86.ActiveCfg = Debug|Win32
		{2328800E-0F52-47CD-869F-35CA7C342FC6}.Debug|x86.Build.0 = Debug|Win32
		{2328800E-0F52-47CD-869F-35CA7C342FC6}.Release|x64.ActiveCfg = Release|x64
		{2328800E-0F52-47CD-869F-35CA7C342FC6}.Release|x64.Build.0 = Release|x64
		{2328800E-0F52-47CD-869F-35CA7C342FC6}.Release|x86.ActiveCfg = Release|Win32
		{2328800E-0F52-47CD-869F-35CA7C342FC6}.Release|x86.Build.0 = Release|Win32
		{F49BE019-DD57-471F-BD34-F17A4A5FBD63}.Debug|x64.ActiveCfg = Debug|x64
		{F49BE019-DD57-471F-BD34-F17A4A5FBD63}.Debug|x64.Build.0 = Debug|x64
		{F49BE019-DD57-471F-BD34-F17A4A5FBD63}.Debug|x86.ActiveCfg = Debug|Win32
		{F49BE019-DD57-471F-BD34-F17A4A5FBD63}.Debug|x86.Build.0 = Debug|Win32
		{F49BE019-DD57-471F-BD34-F17A4A5FBD63}.Release|x64.ActiveCfg = Release|x64
		{F49BE019-DD57-471F-BD34-F17A4A5FBD63}.Release|x64.Build.0 = Release|x64
		{F49BE019-DD57-471F-BD34-F17A4A5FBD63}.Release|x86.ActiveCfg = Release|Win32
		{F49BE019-DD57-471F-BD34-F17A4A5FBD63}.Release|x86.Build.0 = Release|Win32
		{F7B28E87-2E02-492B-B9E2-12FFE903D27B}.Debug|x64.ActiveCfg = Debug|x64
		{F7B28E87-2E02-492B-B9E2-12FFE903D27B}.Debug|x64.Build.0 = Debug|x64
		{F7B28E87-2E02-492B-B9E2-12FFE903D27B}.Debug|x86.ActiveCfg = Debug|Win32
		{F7B28E87-2E02-492B-B9E2-12FFE903D27B}.Debug|x86.Build.0 = Debug|Win32
		{F7B28E87-2E02-492B-B9E2-12FFE903D27B}.Release|x64.ActiveCfg = Release|x64
		{F7B28E87-2E02-492B-B9E2-12FFE903D27B}.Release|x64.Build.0 = Release|x64
		{F7B28E87-2E02-492B-B9E2-12FFE903D27B}.Release|x86.ActiveCfg = Release|Win32
		{F7B28E87-2E02-492B-B9E2-12FFE903D27B}.Release|x86.Build.0 = Release|Win32
		{4C60D9B0-DE52-45C2-B3DE-066B46FC5037}.Debug|x64.ActiveCfg = Debug|x64
		{4C60D9B0-DE52-45C2-B3DE-066B46FC5037}.Debug|x64.Build.0 = Debug|x64
		{4C60D9B0-DE52-45C2-B3DE-066B46FC5037}.Debug|x86.ActiveCfg = Debug|Win32
		{4C60D9B0-DE52-45C2-B3DE-066B46FC5037}.Debug|x86.Build.0 = Debug|Win32
		{4C60D9B0-DE52-45C2-B3DE-066B46FC5037}.Release|x64.ActiveCfg = Release|x64
		{4C60D9B0-DE52-45C2-B3DE-066B46FC5037}.Release|x64.Build.0 = Release|x64
		{4C60D9B0-DE52-45C2-B3DE-066B46FC5037}.Release|x86.ActiveCfg = Release|Win32
		{4C60D9B0-DE52-45C2-B3DE-066B46FC5037}.Release|x86.Build.0 = Release|Win32
		{7A967639-0FA6-446E-93BB-69DDFC87A253}.Debug|x64.ActiveCfg = Debug|x64
		{7A967639-0FA6-446E-93BB-69DDFC87A253}.Debug|x64.Build.0 = Debug|x64
		{7A967639-0FA6-446E-93BB-69DDFC87A253}.Debug|x86.ActiveCfg = Debug|Win32
		{7A967639-0FA6-446E-93BB-69DDFC87A253}.Debug|x86.Build.0 = Debug|Win32
		{7A967639-0FA6-446E-93BB-69DDFC87A253}.Release|x64.ActiveCfg = Release|x64
		{7A967639-0FA6-446E-93BB-69DDFC87A253}.Release|x64.Build.0 = Release|x64
		{7A967639-0FA6-446E-93BB-69DDFC87A253}.Release|x86.ActiveCfg = Release|Win32
		{7A967639-0FA6-446E-93BB-69DDFC87A253}.Release|x86.Build.0 = Release|Win32
		{F84836AD-CE05-41BB-89BB-541FD53D2E91}.Debug|x64.ActiveCfg = Debug|x64
		{F84836AD-CE05-41BB-89BB-541FD53D2E91}.Debug|x64.Build.0 = Debug|x64
		{F84836AD-CE05-41BB-89BB-541FD53D2E91}.Debug|x86.ActiveCfg = Debug|Win32
		{F84836AD-CE05-41BB-89BB-541FD53D2E91}.Debug|x86.Build.0 = Debug|Win32
		{F84836AD-CE05-41BB-89BB-541FD53D2E91}.Release|x64.ActiveCfg = Release|x64
		{F84836AD-CE05-41BB-89BB-541FD53D2E91}.Release|x64.Build.0 = Release|x64
		{F84836AD-CE05-41BB-89BB-541FD53D2E91}.Release|x86.ActiveCfg = Release|Win32
		{F84836AD-CE05-41BB-89BB-541FD53D2E91}.Release|x86.Build.0 = Release|Win32
		{5CED476B-D207-4D6D-AB65-7F198351A07E}.Debug|x64.ActiveCfg = Debug|x64
		{5CED476B-D207-4D6D-AB65-7F198351A07E}.Debug|x64.Build.0 = Debug|x64
		{5CED476B-D207-4D6D-AB65-7F198351A07E}.Debug|x86.ActiveCfg = Debug|Win32
		{5CED476B-D207-4D6D-AB65-7F198351A07E}.Debug|x86.Build.0 = Debug|Win32
		{5CED476B-D207-4D6D-AB65-7F198351A07E}.Release|x64.ActiveCfg = Release|x64
		{5CED476B-D207-4D6D-AB65-7F198351A07E}.Release|x64.Build.0 = Release|x64
		{5CED476B-D207-4D6D-AB65-7F198351A07E}.Release|x86.ActiveCfg = Release|Win32
		{5CED476B-D207-4D6D-AB65-7F198351A07E}.Release|x86.Build.0 = Release|Win32
		{A3DD95CA-6908-4AAC-BD1A-E1DB17933FF4}.Debug|x64.ActiveCfg = Debug|x64
		{A3DD95CA-6908-4AAC-BD1A-E1DB17933FF4}.Debug|x64.Build.0 = Debug|x64
		{A3DD95CA-6908-4AAC-BD1A-E1DB17933FF4}.Debug|x86.ActiveCfg = Debug|Win32
		{A3DD95CA-6908-4AAC-BD1A-E1DB17933FF4}.Debug|x86.Build.0 = Debug|Win32
		{A3DD95CA-6908-4AAC-BD1A-E1DB17933FF4}.Release|x64.ActiveCfg = Release|x64
		{A3DD95CA-6908-4AAC-BD1A-E1DB17933FF4}.Release|x64.Build.0 = Release|x64
		{A3DD95CA-6908-4AAC-BD1A-E1DB17933FF4}.Release|x86.ActiveCfg = Release|Win32
		{A3DD95CA-6908-4AAC-BD1A-E1DB17933FF4}.Release|x86.Build.0 = Release|Win32
		{F2681369-3CAE-4960-9F04-AE2CFA67B534}.Debug|x64.ActiveCfg = Debug|x64
		{F2681369-3CAE-4960-9F04-AE2CFA67B534}.Debug|x64.Build.0 = Debug|x64
		{F2681369-3CAE-4960-9F04-AE2CFA67B534}.Debug|x86.ActiveCfg = Debug|Win32
		{F2681369-3CAE-4960-9F04-AE2CFA67B534}.Debug|x86.Build.0 = Debug|Win32
		{F2681369-3CAE-4960-9F04-AE2CFA67B534}.Release|x64.ActiveCfg = Release|x64
		{F2681369-3CAE-4960-9F04-AE2CFA67B534}.Release|x64.Build.0 = Release|x64
		{F2681369-3CAE-4960-9F04-AE2CFA67B534}.Release|x86.ActiveCfg = Release|Win32
		{F2681369-3CAE-4960-9F04-AE2CFA67B534}.Release|x86.Build.0 = Release|Win32
		{FE6415D9-12EA-4DFB-AB95-A8EDC0386ABF}.Debug|x64.ActiveCfg = Debug|x64
		{FE6415D9-12EA-4DFB-AB95-A8EDC0386ABF}.Debug|x64.Build.0 = Debug|x64
		{FE6415D9-12EA-4DFB-AB95-A8EDC0386ABF}.Debug|x86.ActiveCfg = Debug|Win32
		{FE6415D9-12EA-4DFB-AB95-A8EDC0386ABF}.Debug|x86.Build.0 = Debug|Win32
		{FE6415D9-12EA-4DFB-AB95-A8EDC0386ABF}.Release|x64.ActiveCfg = Release|x64
		{FE6415D9-12EA-4DFB-AB95-A8EDC0386ABF}.Release|x64.Build.0 = Release|x64
		{FE6415D9-12EA-4DFB-AB95-A8EDC0386ABF}.Release|x86.ActiveCfg = Release|Win32
		{FE6415D9-12EA-4DFB-AB95-A8EDC0386ABF}.Release|x86.Build.0 = Release|Win32
		{C911BE14-349A-4E53-A04D-62A5D9B33058}.Debug|x64.ActiveCfg = Debug|x64
		{C911BE14-349A-4E53-A04D-62A5D9B33058}.Debug|x64.Build.0 = Debug|x64
		{C911BE14-349A-4E53-A04D-62A5D9B33058}.Debug|x86.ActiveCfg = Debug|Win32
		{C911BE14-349A-4E53-A04D-62A5D9B33058}.Debug|x86.Build.0 = Debug|Win32
		{C911BE14-349A-4E53-A04D-62A5D9B33058}.Release|x64.ActiveCfg = Release|x64
		{C911BE14-349A-4E53-A04D-62A5D9B33058}.Release|x64.Build.0 = Release|x64
		{C911BE14-349A-4E53-A04D-62A5D9B33058}.Release|x86.ActiveCfg = Release|Win32
		{C911BE14-349A-4E53-A04D-62A5D9B33058}.Release|x86.Build.0 = Release|Win32
	EndGlobalSection
	GlobalSection(SolutionProperties) = preSolution
		HideSolutionNode = FALSE
	EndGlobalSection
	GlobalSection(NestedProjects) = preSolution
		{6DC93275-070F-4E1B-9FFF-9D28F5A8198B} = {A717BFCF-4D07-4759-9B87-77941BCB23CB}
		{61EAD043-AFFC-47A4-B788-B7597605175A} = {0B591611-1CB5-42BB-9F43-496E1C459963}
		{8476A403-322D-438B-88E7-8EF88E93B36B} = {4FCE0247-3DA8-4D6D-A9CF-CBB42A3ABDEC}
		{2328800E-0F52-47CD-869F-35CA7C342FC6} = {4FCE0247-3DA8-4D6D-A9CF-CBB42A3ABDEC}
		{F49BE019-DD57-471F-BD34-F17A4A5FBD63} = {4FCE0247-3DA8-4D6D-A9CF-CBB42A3ABDEC}
		{F7B28E87-2E02-492B-B9E2-12FFE903D27B} = {87C68810-A859-4780-AF39-2EC838244D45}
		{4C60D9B0-DE52-45C2-B3DE-066B46FC5037} = {87C68810-A859-4780-AF39-2EC838244D45}
		{7A967639-0FA6-446E-93BB-69DDFC87A253} = {87C68810-A859-4780-AF39-2EC838244D45}
		{F84836AD-CE05-41BB-89BB-541FD53D2E91} = {331B58CB-ACE7-44DB-A757-DC4C67F1CF4E}
		{5CED476B-D207-4D6D-AB65-7F198351A07E} = {331B58CB-ACE7-44DB-A757-DC4C67F1CF4E}
		{A3DD95CA-6908-4AAC-BD1A-E1DB17933FF4} = {331B58CB-ACE7-44DB-A757-DC4C67F1CF4E}
		{F2681369-3CAE-4960-9F04-AE2CFA67B534} = {56762241-3F4A-4081-86D9-375CEC64E0DA}
		{FE6415D9-12EA-4DFB-AB95-A8EDC0386ABF} = {56762241-3F4A-4081-86D9-375CEC64E0DA}
		{C911BE14-349A-4E53-A04D-62A5D9B33058} = {56762241-3F4A-4081-86D9-375CEC64E0DA}
	EndGlobalSection
	GlobalSection(ExtensibilityGlobals) = postSolution
		SolutionGuid = {800E80EA-A9A4-4CC9-8EF2-42FFE9195120}
	EndGlobalSection
EndGlobal
